
Microsoft Visual Studio Solution File, Format Version 12.00
# Visual Studio Version 17
VisualStudioVersion = 17.4.33103.184
MinimumVisualStudioVersion = 10.0.40219.1
Project("{2150E333-8FDC-42A3-9474-1A3956D46DE8}") = "src", "src", "{42CAB060-5D50-4E18-8F85-EBA5EB85B268}"
EndProject
Project("{2150E333-8FDC-42A3-9474-1A3956D46DE8}") = "API", "API", "{0E679B58-1D8A-4F5B-8838-6E4DD9258215}"
EndProject
Project("{2150E333-8FDC-42A3-9474-1A3956D46DE8}") = "Core", "Core", "{0E86739A-769C-4597-84D3-7D53BA1D1E3C}"
EndProject
Project("{2150E333-8FDC-42A3-9474-1A3956D46DE8}") = "Infrastructure", "Infrastructure", "{2373AFFC-1389-4D78-8465-074AB22084AF}"
EndProject
Project("{2150E333-8FDC-42A3-9474-1A3956D46DE8}") = "Shared", "Shared", "{DF0CD4C6-B53D-452D-867E-3E3BD24F883F}"
EndProject
Project("{9A19103F-16F7-4668-BE54-9A1E7A4F7556}") = "Api", "src\API\Api\Api.csproj", "{BC6396E6-AED3-419F-A6E5-50D4CD4E4C71}"
EndProject
Project("{9A19103F-16F7-4668-BE54-9A1E7A4F7556}") = "WebFramework", "src\API\WebFramework\WebFramework.csproj", "{6F51E6B5-93E2-4A38-BE5B-FE77485C8D4A}"
EndProject
Project("{9A19103F-16F7-4668-BE54-9A1E7A4F7556}") = "Domain", "src\Core\Domain\Domain.csproj", "{035E32D7-ADF3-4A61-AA3A-1764D0BCB259}"
EndProject
Project("{9A19103F-16F7-4668-BE54-9A1E7A4F7556}") = "Application", "src\Core\Application\Application.csproj", "{71635997-17D3-417F-8F9F-5851EBC1A7B2}"
EndProject
Project("{9A19103F-16F7-4668-BE54-9A1E7A4F7556}") = "Infrastructure.Persistence", "src\Infrastructure\Infrastructure.Persistence\Infrastructure.Persistence.csproj", "{2F1E2C0F-B551-4CB4-A9B2-ED3F726C041B}"
EndProject
Project("{9A19103F-16F7-4668-BE54-9A1E7A4F7556}") = "Infrastructure.Identity", "src\Infrastructure\Infrastructure.Identity\Infrastructure.Identity.csproj", "{B2BA275D-6D2D-44F2-989A-BB9DFF8911D4}"
EndProject
Project("{9A19103F-16F7-4668-BE54-9A1E7A4F7556}") = "Infrastructure.CrossCutting", "src\Infrastructure\Infrastructure.CrossCutting\Infrastructure.CrossCutting.csproj", "{0C8149ED-2BB3-4EC9-9DA5-E64255798110}"
EndProject
Project("{9A19103F-16F7-4668-BE54-9A1E7A4F7556}") = "SharedKernel", "src\Shared\SharedKernel\SharedKernel.csproj", "{081B6D48-F405-4AAF-AB70-CD746E370464}"
EndProject
Global
	GlobalSection(SolutionConfigurationPlatforms) = preSolution
		Debug|Any CPU = Debug|Any CPU
		Release|Any CPU = Release|Any CPU
	EndGlobalSection
	GlobalSection(ProjectConfigurationPlatforms) = postSolution
		{BC6396E6-AED3-419F-A6E5-50D4CD4E4C71}.Debug|Any CPU.ActiveCfg = Debug|Any CPU
		{BC6396E6-AED3-419F-A6E5-50D4CD4E4C71}.Debug|Any CPU.Build.0 = Debug|Any CPU
		{BC6396E6-AED3-419F-A6E5-50D4CD4E4C71}.Release|Any CPU.ActiveCfg = Release|Any CPU
		{BC6396E6-AED3-419F-A6E5-50D4CD4E4C71}.Release|Any CPU.Build.0 = Release|Any CPU
		{6F51E6B5-93E2-4A38-BE5B-FE77485C8D4A}.Debug|Any CPU.ActiveCfg = Debug|Any CPU
		{6F51E6B5-93E2-4A38-BE5B-FE77485C8D4A}.Debug|Any CPU.Build.0 = Debug|Any CPU
		{6F51E6B5-93E2-4A38-BE5B-FE77485C8D4A}.Release|Any CPU.ActiveCfg = Release|Any CPU
		{6F51E6B5-93E2-4A38-BE5B-FE77485C8D4A}.Release|Any CPU.Build.0 = Release|Any CPU
		{035E32D7-ADF3-4A61-AA3A-1764D0BCB259}.Debug|Any CPU.ActiveCfg = Debug|Any CPU
		{035E32D7-ADF3-4A61-AA3A-1764D0BCB259}.Debug|Any CPU.Build.0 = Debug|Any CPU
		{035E32D7-ADF3-4A61-AA3A-1764D0BCB259}.Release|Any CPU.ActiveCfg = Release|Any CPU
		{035E32D7-ADF3-4A61-AA3A-1764D0BCB259}.Release|Any CPU.Build.0 = Release|Any CPU
		{71635997-17D3-417F-8F9F-5851EBC1A7B2}.Debug|Any CPU.ActiveCfg = Debug|Any CPU
		{71635997-17D3-417F-8F9F-5851EBC1A7B2}.Debug|Any CPU.Build.0 = Debug|Any CPU
		{71635997-17D3-417F-8F9F-5851EBC1A7B2}.Release|Any CPU.ActiveCfg = Release|Any CPU
		{71635997-17D3-417F-8F9F-5851EBC1A7B2}.Release|Any CPU.Build.0 = Release|Any CPU
		{2F1E2C0F-B551-4CB4-A9B2-ED3F726C041B}.Debug|Any CPU.ActiveCfg = Debug|Any CPU
		{2F1E2C0F-B551-4CB4-A9B2-ED3F726C041B}.Debug|Any CPU.Build.0 = Debug|Any CPU
		{2F1E2C0F-B551-4CB4-A9B2-ED3F726C041B}.Release|Any CPU.ActiveCfg = Release|Any CPU
		{2F1E2C0F-B551-4CB4-A9B2-ED3F726C041B}.Release|Any CPU.Build.0 = Release|Any CPU
		{B2BA275D-6D2D-44F2-989A-BB9DFF8911D4}.Debug|Any CPU.ActiveCfg = Debug|Any CPU
		{B2BA275D-6D2D-44F2-989A-BB9DFF8911D4}.Debug|Any CPU.Build.0 = Debug|Any CPU
		{B2BA275D-6D2D-44F2-989A-BB9DFF8911D4}.Release|Any CPU.ActiveCfg = Release|Any CPU
		{B2BA275D-6D2D-44F2-989A-BB9DFF8911D4}.Release|Any CPU.Build.0 = Release|Any CPU
		{0C8149ED-2BB3-4EC9-9DA5-E64255798110}.Debug|Any CPU.ActiveCfg = Debug|Any CPU
		{0C8149ED-2BB3-4EC9-9DA5-E64255798110}.Debug|Any CPU.Build.0 = Debug|Any CPU
		{0C8149ED-2BB3-4EC9-9DA5-E64255798110}.Release|Any CPU.ActiveCfg = Release|Any CPU
		{0C8149ED-2BB3-4EC9-9DA5-E64255798110}.Release|Any CPU.Build.0 = Release|Any CPU
		{081B6D48-F405-4AAF-AB70-CD746E370464}.Debug|Any CPU.ActiveCfg = Debug|Any CPU
		{081B6D48-F405-4AAF-AB70-CD746E370464}.Debug|Any CPU.Build.0 = Debug|Any CPU
		{081B6D48-F405-4AAF-AB70-CD746E370464}.Release|Any CPU.ActiveCfg = Release|Any CPU
		{081B6D48-F405-4AAF-AB70-CD746E370464}.Release|Any CPU.Build.0 = Release|Any CPU
	EndGlobalSection
	GlobalSection(SolutionProperties) = preSolution
		HideSolutionNode = FALSE
	EndGlobalSection
	GlobalSection(NestedProjects) = preSolution
		{0E679B58-1D8A-4F5B-8838-6E4DD9258215} = {42CAB060-5D50-4E18-8F85-EBA5EB85B268}
		{0E86739A-769C-4597-84D3-7D53BA1D1E3C} = {42CAB060-5D50-4E18-8F85-EBA5EB85B268}
		{2373AFFC-1389-4D78-8465-074AB22084AF} = {42CAB060-5D50-4E18-8F85-EBA5EB85B268}
		{DF0CD4C6-B53D-452D-867E-3E3BD24F883F} = {42CAB060-5D50-4E18-8F85-EBA5EB85B268}
		{BC6396E6-AED3-419F-A6E5-50D4CD4E4C71} = {0E679B58-1D8A-4F5B-8838-6E4DD9258215}
		{6F51E6B5-93E2-4A38-BE5B-FE77485C8D4A} = {0E679B58-1D8A-4F5B-8838-6E4DD9258215}
		{035E32D7-ADF3-4A61-AA3A-1764D0BCB259} = {0E86739A-769C-4597-84D3-7D53BA1D1E3C}
		{71635997-17D3-417F-8F9F-5851EBC1A7B2} = {0E86739A-769C-4597-84D3-7D53BA1D1E3C}
		{2F1E2C0F-B551-4CB4-A9B2-ED3F726C041B} = {2373AFFC-1389-4D78-8465-074AB22084AF}
		{B2BA275D-6D2D-44F2-989A-BB9DFF8911D4} = {2373AFFC-1389-4D78-8465-074AB22084AF}
		{0C8149ED-2BB3-4EC9-9DA5-E64255798110} = {2373AFFC-1389-4D78-8465-074AB22084AF}
		{081B6D48-F405-4AAF-AB70-CD746E370464} = {DF0CD4C6-B53D-452D-867E-3E3BD24F883F}
	EndGlobalSection
	GlobalSection(ExtensibilityGlobals) = postSolution
		SolutionGuid = {05C223B9-EA89-44B2-B9F5-D01181F85DFE}
	EndGlobalSection
EndGlobal
